
Microsoft Visual Studio Solution File, Format Version 12.00
# Visual Studio Version 17
VisualStudioVersion = 17.7.34202.233
MinimumVisualStudioVersion = 10.0.40219.1
Project("{FAE04EC0-301F-11D3-BF4B-00C04F79EFBC}") = "lp-webService-appsRemotas", "lp-webService-appsRemotas.csproj", "{565215CF-66FC-42C0-AA83-0C867F5AD2CC}"
EndProject
Global
	GlobalSection(SolutionConfigurationPlatforms) = preSolution
		Debug|Any CPU = Debug|Any CPU
		Release|Any CPU = Release|Any CPU
	EndGlobalSection
	GlobalSection(ProjectConfigurationPlatforms) = postSolution
		{565215CF-66FC-42C0-AA83-0C867F5AD2CC}.Debug|Any CPU.ActiveCfg = Debug|Any CPU
		{565215CF-66FC-42C0-AA83-0C867F5AD2CC}.Debug|Any CPU.Build.0 = Debug|Any CPU
		{565215CF-66FC-42C0-AA83-0C867F5AD2CC}.Release|Any CPU.ActiveCfg = Release|Any CPU
		{565215CF-66FC-42C0-AA83-0C867F5AD2CC}.Release|Any CPU.Build.0 = Release|Any CPU
	EndGlobalSection
	GlobalSection(SolutionProperties) = preSolution
		HideSolutionNode = FALSE
	EndGlobalSection
	GlobalSection(ExtensibilityGlobals) = postSolution
		SolutionGuid = {537CE9D3-43B0-43A4-B223-B34E9FB96C47}
	EndGlobalSection
EndGlobal
